{
  "version": 4,
  "terraform_version": "1.11.3",
  "serial": 13,
  "lineage": "31d00b05-feeb-1455-7227-4da44af0ab1c",
  "outputs": {
    "resource_group_name": {
      "value": "rg-lab-edilson",
      "type": "string"
    }
  },
  "resources": [
    {
      "mode": "managed",
      "type": "azurerm_resource_group",
      "name": "rg",
      "provider": "provider[\"registry.terraform.io/hashicorp/azurerm\"]",
      "instances": [
        {
          "schema_version": 0,
          "attributes": {
            "id": "/subscriptions/0fe51441-3dea-4d6d-a973-0a269518e2a2/resourceGroups/rg-lab-edilson",
            "location": "eastus",
            "managed_by": "",
            "name": "rg-lab-edilson",
            "tags": null,
            "timeouts": null
          },
          "sensitive_attributes": [],
          "private": "eyJlMmJmYjczMC1lY2FhLTExZTYtOGY4OC0zNDM2M2JjN2M0YzAiOnsiY3JlYXRlIjo1NDAwMDAwMDAwMDAwLCJkZWxldGUiOjU0MDAwMDAwMDAwMDAsInJlYWQiOjMwMDAwMDAwMDAwMCwidXBkYXRlIjo1NDAwMDAwMDAwMDAwfX0="
        }
      ]
    }
  ],
  "check_results": null
}
